// !$*UTF8*$!
{
	archiveVersion = 1;
	classes = {
	};
	objectVersion = 50;
	objects = {

/* Begin PBXBuildFile section */
		9059A37E24647DE700908299 /* AppDelegate.swift in Sources */ = {isa = PBXBuildFile; fileRef = 9059A37D24647DE700908299 /* AppDelegate.swift */; };
		9059A38024647DE700908299 /* SceneDelegate.swift in Sources */ = {isa = PBXBuildFile; fileRef = 9059A37F24647DE700908299 /* SceneDelegate.swift */; };
		9059A38224647DE700908299 /* ContentView.swift in Sources */ = {isa = PBXBuildFile; fileRef = 9059A38124647DE700908299 /* ContentView.swift */; };
		9059A38424647DEA00908299 /* Assets.xcassets in Resources */ = {isa = PBXBuildFile; fileRef = 9059A38324647DEA00908299 /* Assets.xcassets */; };
		9059A38724647DEA00908299 /* Preview Assets.xcassets in Resources */ = {isa = PBXBuildFile; fileRef = 9059A38624647DEA00908299 /* Preview Assets.xcassets */; };
		9059A38A24647DEA00908299 /* LaunchScreen.storyboard in Resources */ = {isa = PBXBuildFile; fileRef = 9059A38824647DEA00908299 /* LaunchScreen.storyboard */; };
		9059A3922464E49200908299 /* TestTimeCalc.swift in Sources */ = {isa = PBXBuildFile; fileRef = 9059A3912464E49200908299 /* TestTimeCalc.swift */; };
/* End PBXBuildFile section */

/* Begin PBXFileReference section */
		9059A37A24647DE700908299 /* SwiftUI Rolex.app */ = {isa = PBXFileReference; explicitFileType = wrapper.application; includeInIndex = 0; path = "SwiftUI Rolex.app"; sourceTree = BUILT_PRODUCTS_DIR; };
		9059A37D24647DE700908299 /* AppDelegate.swift */ = {isa = PBXFileReference; lastKnownFileType = sourcecode.swift; path = AppDelegate.swift; sourceTree = "<group>"; };
		9059A37F24647DE700908299 /* SceneDelegate.swift */ = {isa = PBXFileReference; lastKnownFileType = sourcecode.swift; path = SceneDelegate.swift; sourceTree = "<group>"; };
		9059A38124647DE700908299 /* ContentView.swift */ = {isa = PBXFileReference; lastKnownFileType = sourcecode.swift; path = ContentView.swift; sourceTree = "<group>"; };
		9059A38324647DEA00908299 /* Assets.xcassets */ = {isa = PBXFileReference; lastKnownFileType = folder.assetcatalog; path = Assets.xcassets; sourceTree = "<group>"; };
		9059A38624647DEA00908299 /* Preview Assets.xcassets */ = {isa = PBXFileReference; lastKnownFileType = folder.assetcatalog; path = "Preview Assets.xcassets"; sourceTree = "<group>"; };
		9059A38924647DEA00908299 /* Base */ = {isa = PBXFileReference; lastKnownFileType = file.storyboard; name = Base; path = Base.lproj/LaunchScreen.storyboard; sourceTree = "<group>"; };
		9059A38B24647DEA00908299 /* Info.plist */ = {isa = PBXFileReference; lastKnownFileType = text.plist.xml; path = Info.plist; sourceTree = "<group>"; };
		9059A3912464E49200908299 /* TestTimeCalc.swift */ = {isa = PBXFileReference; lastKnownFileType = sourcecode.swift; path = TestTimeCalc.swift; sourceTree = "<group>"; };
/* End PBXFileReference section */

/* Begin PBXFrameworksBuildPhase section */
		9059A37724647DE700908299 /* Frameworks */ = {
			isa = PBXFrameworksBuildPhase;
			buildActionMask = 2147483647;
			files = (
			);
			runOnlyForDeploymentPostprocessing = 0;
		};
/* End PBXFrameworksBuildPhase section */

/* Begin PBXGroup section */
		9059A37124647DE700908299 = {
			isa = PBXGroup;
			children = (
				9059A37C24647DE700908299 /* SwiftUI Rolex */,
				9059A37B24647DE700908299 /* Products */,
			);
			sourceTree = "<group>";
		};
		9059A37B24647DE700908299 /* Products */ = {
			isa = PBXGroup;
			children = (
				9059A37A24647DE700908299 /* SwiftUI Rolex.app */,
			);
			name = Products;
			sourceTree = "<group>";
		};
		9059A37C24647DE700908299 /* SwiftUI Rolex */ = {
			isa = PBXGroup;
			children = (
				9059A37D24647DE700908299 /* AppDelegate.swift */,
				9059A37F24647DE700908299 /* SceneDelegate.swift */,
				9059A38124647DE700908299 /* ContentView.swift */,
				9059A3912464E49200908299 /* TestTimeCalc.swift */,
				9059A38324647DEA00908299 /* Assets.xcassets */,
				9059A38824647DEA00908299 /* LaunchScreen.storyboard */,
				9059A38B24647DEA00908299 /* Info.plist */,
				9059A38524647DEA00908299 /* Preview Content */,
			);
			path = "SwiftUI Rolex";
			sourceTree = "<group>";
		};
		9059A38524647DEA00908299 /* Preview Content */ = {
			isa = PBXGroup;
			children = (
				9059A38624647DEA00908299 /* Preview Assets.xcassets */,
			);
			path = "Preview Content";
			sourceTree = "<group>";
		};
/* End PBXGroup section */

/* Begin PBXNativeTarget section */
		9059A37924647DE700908299 /* SwiftUI Rolex */ = {
			isa = PBXNativeTarget;
			buildConfigurationList = 9059A38E24647DEA00908299 /* Build configuration list for PBXNativeTarget "SwiftUI Rolex" */;
			buildPhases = (
				9059A37624647DE700908299 /* Sources */,
				9059A37724647DE700908299 /* Frameworks */,
				9059A37824647DE700908299 /* Resources */,
			);
			buildRules = (
			);
			dependencies = (
			);
			name = "SwiftUI Rolex";
			productName = "SwiftUI Rolex";
			productReference = 9059A37A24647DE700908299 /* SwiftUI Rolex.app */;
			productType = "com.apple.product-type.application";
		};
/* End PBXNativeTarget section */

/* Begin PBXProject section */
		9059A37224647DE700908299 /* Project object */ = {
			isa = PBXProject;
			attributes = {
				LastSwiftUpdateCheck = 1140;
				LastUpgradeCheck = 1140;
				ORGANIZATIONNAME = "John James";
				TargetAttributes = {
					9059A37924647DE700908299 = {
						CreatedOnToolsVersion = 11.4.1;
					};
				};
			};
			buildConfigurationList = 9059A37524647DE700908299 /* Build configuration list for PBXProject "SwiftUI Rolex" */;
			compatibilityVersion = "Xcode 9.3";
			developmentRegion = en;
			hasScannedForEncodings = 0;
			knownRegions = (
				en,
				Base,
			);
			mainGroup = 9059A37124647DE700908299;
			productRefGroup = 9059A37B24647DE700908299 /* Products */;
			projectDirPath = "";
			projectRoot = "";
			targets = (
				9059A37924647DE700908299 /* SwiftUI Rolex */,
			);
		};
/* End PBXProject section */

/* Begin PBXResourcesBuildPhase section */
		9059A37824647DE700908299 /* Resources */ = {
			isa = PBXResourcesBuildPhase;
			buildActionMask = 2147483647;
			files = (
				9059A38A24647DEA00908299 /* LaunchScreen.storyboard in Resources */,
				9059A38724647DEA00908299 /* Preview Assets.xcassets in Resources */,
				9059A38424647DEA00908299 /* Assets.xcassets in Resources */,
			);
			runOnlyForDeploymentPostprocessing = 0;
		};
/* End PBXResourcesBuildPhase section */

/* Begin PBXSourcesBuildPhase section */
		9059A37624647DE700908299 /* Sources */ = {
			isa = PBXSourcesBuildPhase;
			buildActionMask = 2147483647;
			files = (
				9059A37E24647DE700908299 /* AppDelegate.swift in Sources */,
				9059A38024647DE700908299 /* SceneDelegate.swift in Sources */,
				9059A38224647DE700908299 /* ContentView.swift in Sources */,
				9059A3922464E49200908299 /* TestTimeCalc.swift in Sources */,
			);
			runOnlyForDeploymentPostprocessing = 0;
		};
/* End PBXSourcesBuildPhase section */

/* Begin PBXVariantGroup section */
		9059A38824647DEA00908299 /* LaunchScreen.storyboard */ = {
			isa = PBXVariantGroup;
			children = (
				9059A38924647DEA00908299 /* Base */,
			);
			name = LaunchScreen.storyboard;
			sourceTree = "<group>";
		};
/* End PBXVariantGroup section */

/* Begin XCBuildConfiguration section */
		9059A38C24647DEA00908299 /* Debug */ = {
			isa = XCBuildConfiguration;
			buildSettings = {
				ALWAYS_SEARCH_USER_PATHS = NO;
				CLANG_ANALYZER_NONNULL = YES;
				CLANG_ANALYZER_NUMBER_OBJECT_CONVERSION = YES_AGGRESSIVE;
				CLANG_CXX_LANGUAGE_STANDARD = "gnu++14";
				CLANG_CXX_LIBRARY = "libc++";
				CLANG_ENABLE_MODULES = YES;
				CLANG_ENABLE_OBJC_ARC = YES;
				CLANG_ENABLE_OBJC_WEAK = YES;
				CLANG_WARN_BLOCK_CAPTURE_AUTORELEASING = YES;
				CLANG_WARN_BOOL_CONVERSION = YES;
				CLANG_WARN_COMMA = YES;
				CLANG_WARN_CONSTANT_CONVERSION = YES;
				CLANG_WARN_DEPRECATED_OBJC_IMPLEMENTATIONS = YES;
				CLANG_WARN_DIRECT_OBJC_ISA_USAGE = YES_ERROR;
				CLANG_WARN_DOCUMENTATION_COMMENTS = YES;
				CLANG_WARN_EMPTY_BODY = YES;
				CLANG_WARN_ENUM_CONVERSION = YES;
				CLANG_WARN_INFINITE_RECURSION = YES;
				CLANG_WARN_INT_CONVERSION = YES;
				CLANG_WARN_NON_LITERAL_NULL_CONVERSION = YES;
				CLANG_WARN_OBJC_IMPLICIT_RETAIN_SELF = YES;
				CLANG_WARN_OBJC_LITERAL_CONVERSION = YES;
				CLANG_WARN_OBJC_ROOT_CLASS = YES_ERROR;
				CLANG_WARN_RANGE_LOOP_ANALYSIS = YES;
				CLANG_WARN_STRICT_PROTOTYPES = YES;
				CLANG_WARN_SUSPICIOUS_MOVE = YES;
				CLANG_WARN_UNGUARDED_AVAILABILITY = YES_AGGRESSIVE;
				CLANG_WARN_UNREACHABLE_CODE = YES;
				CLANG_WARN__DUPLICATE_METHOD_MATCH = YES;
				COPY_PHASE_STRIP = NO;
				DEBUG_INFORMATION_FORMAT = dwarf;
				ENABLE_STRICT_OBJC_MSGSEND = YES;
				ENABLE_TESTABILITY = YES;
				GCC_C_LANGUAGE_STANDARD = gnu11;
				GCC_DYNAMIC_NO_PIC = NO;
				GCC_NO_COMMON_BLOCKS = YES;
				GCC_OPTIMIZATION_LEVEL = 0;
				GCC_PREPROCESSOR_DEFINITIONS = (
					"DEBUG=1",
					"$(inherited)",
				);
				GCC_WARN_64_TO_32_BIT_CONVERSION = YES;
				GCC_WARN_ABOUT_RETURN_TYPE = YES_ERROR;
				GCC_WARN_UNDECLARED_SELECTOR = YES;
				GCC_WARN_UNINITIALIZED_AUTOS = YES_AGGRESSIVE;
				GCC_WARN_UNUSED_FUNCTION = YES;
				GCC_WARN_UNUSED_VARIABLE = YES;
				IPHONEOS_DEPLOYMENT_TARGET = 13.4;
				MTL_ENABLE_DEBUG_INFO = INCLUDE_SOURCE;
				MTL_FAST_MATH = YES;
				ONLY_ACTIVE_ARCH = YES;
				SDKROOT = iphoneos;
				SWIFT_ACTIVE_COMPILATION_CONDITIONS = DEBUG;
				SWIFT_OPTIMIZATION_LEVEL = "-Onone";
			};
			name = Debug;
		};
		9059A38D24647DEA00908299 /* Release */ = {
			isa = XCBuildConfiguration;
			buildSettings = {
				ALWAYS_SEARCH_USER_PATHS = NO;
				CLANG_ANALYZER_NONNULL = YES;
				CLANG_ANALYZER_NUMBER_OBJECT_CONVERSION = YES_AGGRESSIVE;
				CLANG_CXX_LANGUAGE_STANDARD = "gnu++14";
				CLANG_CXX_LIBRARY = "libc++";
				CLANG_ENABLE_MODULES = YES;
				CLANG_ENABLE_OBJC_ARC = YES;
				CLANG_ENABLE_OBJC_WEAK = YES;
				CLANG_WARN_BLOCK_CAPTURE_AUTORELEASING = YES;
				CLANG_WARN_BOOL_CONVERSION = YES;
				CLANG_WARN_COMMA = YES;
				CLANG_WARN_CONSTANT_CONVERSION = YES;
				CLANG_WARN_DEPRECATED_OBJC_IMPLEMENTATIONS = YES;
				CLANG_WARN_DIRECT_OBJC_ISA_USAGE = YES_ERROR;
				CLANG_WARN_DOCUMENTATION_COMMENTS = YES;
				CLANG_WARN_EMPTY_BODY = YES;
				CLANG_WARN_ENUM_CONVERSION = YES;
				CLANG_WARN_INFINITE_RECURSION = YES;
				CLANG_WARN_INT_CONVERSION = YES;
				CLANG_WARN_NON_LITERAL_NULL_CONVERSION = YES;
				CLANG_WARN_OBJC_IMPLICIT_RETAIN_SELF = YES;
				CLANG_WARN_OBJC_LITERAL_CONVERSION = YES;
				CLANG_WARN_OBJC_ROOT_CLASS = YES_ERROR;
				CLANG_WARN_RANGE_LOOP_ANALYSIS = YES;
				CLANG_WARN_STRICT_PROTOTYPES = YES;
				CLANG_WARN_SUSPICIOUS_MOVE = YES;
				CLANG_WARN_UNGUARDED_AVAILABILITY = YES_AGGRESSIVE;
				CLANG_WARN_UNREACHABLE_CODE = YES;
				CLANG_WARN__DUPLICATE_METHOD_MATCH = YES;
				COPY_PHASE_STRIP = NO;
				DEBUG_INFORMATION_FORMAT = "dwarf-with-dsym";
				ENABLE_NS_ASSERTIONS = NO;
				ENABLE_STRICT_OBJC_MSGSEND = YES;
				GCC_C_LANGUAGE_STANDARD = gnu11;
				GCC_NO_COMMON_BLOCKS = YES;
				GCC_WARN_64_TO_32_BIT_CONVERSION = YES;
				GCC_WARN_ABOUT_RETURN_TYPE = YES_ERROR;
				GCC_WARN_UNDECLARED_SELECTOR = YES;
				GCC_WARN_UNINITIALIZED_AUTOS = YES_AGGRESSIVE;
				GCC_WARN_UNUSED_FUNCTION = YES;
				GCC_WARN_UNUSED_VARIABLE = YES;
				IPHONEOS_DEPLOYMENT_TARGET = 13.4;
				MTL_ENABLE_DEBUG_INFO = NO;
				MTL_FAST_MATH = YES;
				SDKROOT = iphoneos;
				SWIFT_COMPILATION_MODE = wholemodule;
				SWIFT_OPTIMIZATION_LEVEL = "-O";
				VALIDATE_PRODUCT = YES;
			};
			name = Release;
		};
		9059A38F24647DEA00908299 /* Debug */ = {
			isa = XCBuildConfiguration;
			buildSettings = {
				ASSETCATALOG_COMPILER_APPICON_NAME = AppIcon;
				CODE_SIGN_STYLE = Automatic;
				DEVELOPMENT_ASSET_PATHS = "\"SwiftUI Rolex/Preview Content\"";
				DEVELOPMENT_TEAM = 8SY9TK4CFL;
				ENABLE_PREVIEWS = YES;
				INFOPLIST_FILE = "SwiftUI Rolex/Info.plist";
				LD_RUNPATH_SEARCH_PATHS = (
					"$(inherited)",
					"@executable_path/Frameworks",
				);
				PRODUCT_BUNDLE_IDENTIFIER = "com-jjamespacbell.SwiftUI-Rolex";
				PRODUCT_NAME = "$(TARGET_NAME)";
				SWIFT_VERSION = 5.0;
				TARGETED_DEVICE_FAMILY = "1,2";
			};
			name = Debug;
		};
		9059A39024647DEA00908299 /* Release */ = {
			isa = XCBuildConfiguration;
			buildSettings = {
				ASSETCATALOG_COMPILER_APPICON_NAME = AppIcon;
				CODE_SIGN_STYLE = Automatic;
				DEVELOPMENT_ASSET_PATHS = "\"SwiftUI Rolex/Preview Content\"";
				DEVELOPMENT_TEAM = 8SY9TK4CFL;
				ENABLE_PREVIEWS = YES;
				INFOPLIST_FILE = "SwiftUI Rolex/Info.plist";
				LD_RUNPATH_SEARCH_PATHS = (
					"$(inherited)",
					"@executable_path/Frameworks",
				);
				PRODUCT_BUNDLE_IDENTIFIER = "com-jjamespacbell.SwiftUI-Rolex";
				PRODUCT_NAME = "$(TARGET_NAME)";
				SWIFT_VERSION = 5.0;
				TARGETED_DEVICE_FAMILY = "1,2";
			};
			name = Release;
		};
/* End XCBuildConfiguration section */

/* Begin XCConfigurationList section */
		9059A37524647DE700908299 /* Build configuration list for PBXProject "SwiftUI Rolex" */ = {
			isa = XCConfigurationList;
			buildConfigurations = (
				9059A38C24647DEA00908299 /* Debug */,
				9059A38D24647DEA00908299 /* Release */,
			);
			defaultConfigurationIsVisible = 0;
			defaultConfigurationName = Release;
		};
		9059A38E24647DEA00908299 /* Build configuration list for PBXNativeTarget "SwiftUI Rolex" */ = {
			isa = XCConfigurationList;
			buildConfigurations = (
				9059A38F24647DEA00908299 /* Debug */,
				9059A39024647DEA00908299 /* Release */,
			);
			defaultConfigurationIsVisible = 0;
			defaultConfigurationName = Release;
		};
/* End XCConfigurationList section */
	};
	rootObject = 9059A37224647DE700908299 /* Project object */;
}
